
Microsoft Visual Studio Solution File, Format Version 12.00
# Visual Studio Version 17
VisualStudioVersion = 17.2.32519.379
MinimumVisualStudioVersion = 10.0.40219.1
Project("{FAE04EC0-301F-11D3-BF4B-00C04F79EFBC}") = "VC.BinanceSupporter", "VC.BinanceSupporter\VC.BinanceSupporter.csproj", "{1F6D2BC1-3D08-4C3E-9CA2-FDA8B236ECA2}"
EndProject
Global
	GlobalSection(SolutionConfigurationPlatforms) = preSolution
		Debug|Any CPU = Debug|Any CPU
		Release|Any CPU = Release|Any CPU
	EndGlobalSection
	GlobalSection(ProjectConfigurationPlatforms) = postSolution
		{1F6D2BC1-3D08-4C3E-9CA2-FDA8B236ECA2}.Debug|Any CPU.ActiveCfg = Debug|Any CPU
		{1F6D2BC1-3D08-4C3E-9CA2-FDA8B236ECA2}.Debug|Any CPU.Build.0 = Debug|Any CPU
		{1F6D2BC1-3D08-4C3E-9CA2-FDA8B236ECA2}.Release|Any CPU.ActiveCfg = Release|Any CPU
		{1F6D2BC1-3D08-4C3E-9CA2-FDA8B236ECA2}.Release|Any CPU.Build.0 = Release|Any CPU
	EndGlobalSection
	GlobalSection(SolutionProperties) = preSolution
		HideSolutionNode = FALSE
	EndGlobalSection
	GlobalSection(ExtensibilityGlobals) = postSolution
		SolutionGuid = {52EC3D5D-CC52-4A4F-A8AC-66101750F693}
	EndGlobalSection
EndGlobal
